
Microsoft Visual Studio Solution File, Format Version 12.00
# Visual Studio 15
VisualStudioVersion = 15.0.28010.2016
MinimumVisualStudioVersion = 10.0.40219.1
Project("{9A19103F-16F7-4668-BE54-9A1E7A4F7556}") = "XamarinBasecode.Core", "XamarinBasecode\XamarinBasecode.Core\XamarinBasecode.Core.csproj", "{EBE0D39F-799E-490A-BB83-EC3A021DE616}"
EndProject
Project("{FAE04EC0-301F-11D3-BF4B-00C04F79EFBC}") = "XamarinBasecode.Droid", "XamarinBasecode\XamarinBasecode.Droid\XamarinBasecode.Droid.csproj", "{29FBC4C6-BB34-4860-A151-1990E0323A7E}"
EndProject
Project("{FAE04EC0-301F-11D3-BF4B-00C04F79EFBC}") = "XamarinBasecode.iOS", "XamarinBasecode\XamarinBasecode.iOS\XamarinBasecode.iOS.csproj", "{730A773E-7290-42CD-A858-6EA3A309B2EF}"
EndProject
Project("{FAE04EC0-301F-11D3-BF4B-00C04F79EFBC}") = "XamarinBasecode.UWP", "XamarinBasecode\XamarinBasecode.UWP\XamarinBasecode.UWP.csproj", "{F37B2CE1-9205-45EC-B4A5-5B6FE0888467}"
EndProject
Global
	GlobalSection(SolutionConfigurationPlatforms) = preSolution
		Ad-Hoc|Any CPU = Ad-Hoc|Any CPU
		Ad-Hoc|ARM = Ad-Hoc|ARM
		Ad-Hoc|iPhone = Ad-Hoc|iPhone
		Ad-Hoc|iPhoneSimulator = Ad-Hoc|iPhoneSimulator
		Ad-Hoc|x64 = Ad-Hoc|x64
		Ad-Hoc|x86 = Ad-Hoc|x86
		AppStore|Any CPU = AppStore|Any CPU
		AppStore|ARM = AppStore|ARM
		AppStore|iPhone = AppStore|iPhone
		AppStore|iPhoneSimulator = AppStore|iPhoneSimulator
		AppStore|x64 = AppStore|x64
		AppStore|x86 = AppStore|x86
		Debug|Any CPU = Debug|Any CPU
		Debug|ARM = Debug|ARM
		Debug|iPhone = Debug|iPhone
		Debug|iPhoneSimulator = Debug|iPhoneSimulator
		Debug|x64 = Debug|x64
		Debug|x86 = Debug|x86
		Release|Any CPU = Release|Any CPU
		Release|ARM = Release|ARM
		Release|iPhone = Release|iPhone
		Release|iPhoneSimulator = Release|iPhoneSimulator
		Release|x64 = Release|x64
		Release|x86 = Release|x86
	EndGlobalSection
	GlobalSection(ProjectConfigurationPlatforms) = postSolution
		{EBE0D39F-799E-490A-BB83-EC3A021DE616}.Ad-Hoc|Any CPU.ActiveCfg = Debug|Any CPU
		{EBE0D39F-799E-490A-BB83-EC3A021DE616}.Ad-Hoc|Any CPU.Build.0 = Debug|Any CPU
		{EBE0D39F-799E-490A-BB83-EC3A021DE616}.Ad-Hoc|ARM.ActiveCfg = Debug|Any CPU
		{EBE0D39F-799E-490A-BB83-EC3A021DE616}.Ad-Hoc|ARM.Build.0 = Debug|Any CPU
		{EBE0D39F-799E-490A-BB83-EC3A021DE616}.Ad-Hoc|iPhone.ActiveCfg = Debug|Any CPU
		{EBE0D39F-799E-490A-BB83-EC3A021DE616}.Ad-Hoc|iPhone.Build.0 = Debug|Any CPU
		{EBE0D39F-799E-490A-BB83-EC3A021DE616}.Ad-Hoc|iPhoneSimulator.ActiveCfg = Debug|Any CPU
		{EBE0D39F-799E-490A-BB83-EC3A021DE616}.Ad-Hoc|iPhoneSimulator.Build.0 = Debug|Any CPU
		{EBE0D39F-799E-490A-BB83-EC3A021DE616}.Ad-Hoc|x64.ActiveCfg = Debug|Any CPU
		{EBE0D39F-799E-490A-BB83-EC3A021DE616}.Ad-Hoc|x64.Build.0 = Debug|Any CPU
		{EBE0D39F-799E-490A-BB83-EC3A021DE616}.Ad-Hoc|x86.ActiveCfg = Debug|Any CPU
		{EBE0D39F-799E-490A-BB83-EC3A021DE616}.Ad-Hoc|x86.Build.0 = Debug|Any CPU
		{EBE0D39F-799E-490A-BB83-EC3A021DE616}.AppStore|Any CPU.ActiveCfg = Debug|Any CPU
		{EBE0D39F-799E-490A-BB83-EC3A021DE616}.AppStore|Any CPU.Build.0 = Debug|Any CPU
		{EBE0D39F-799E-490A-BB83-EC3A021DE616}.AppStore|ARM.ActiveCfg = Debug|Any CPU
		{EBE0D39F-799E-490A-BB83-EC3A021DE616}.AppStore|ARM.Build.0 = Debug|Any CPU
		{EBE0D39F-799E-490A-BB83-EC3A021DE616}.AppStore|iPhone.ActiveCfg = Debug|Any CPU
		{EBE0D39F-799E-490A-BB83-EC3A021DE616}.AppStore|iPhone.Build.0 = Debug|Any CPU
		{EBE0D39F-799E-490A-BB83-EC3A021DE616}.AppStore|iPhoneSimulator.ActiveCfg = Debug|Any CPU
		{EBE0D39F-799E-490A-BB83-EC3A021DE616}.AppStore|iPhoneSimulator.Build.0 = Debug|Any CPU
		{EBE0D39F-799E-490A-BB83-EC3A021DE616}.AppStore|x64.ActiveCfg = Debug|Any CPU
		{EBE0D39F-799E-490A-BB83-EC3A021DE616}.AppStore|x64.Build.0 = Debug|Any CPU
		{EBE0D39F-799E-490A-BB83-EC3A021DE616}.AppStore|x86.ActiveCfg = Debug|Any CPU
		{EBE0D39F-799E-490A-BB83-EC3A021DE616}.AppStore|x86.Build.0 = Debug|Any CPU
		{EBE0D39F-799E-490A-BB83-EC3A021DE616}.Debug|Any CPU.ActiveCfg = Debug|Any CPU
		{EBE0D39F-799E-490A-BB83-EC3A021DE616}.Debug|Any CPU.Build.0 = Debug|Any CPU
		{EBE0D39F-799E-490A-BB83-EC3A021DE616}.Debug|ARM.ActiveCfg = Debug|Any CPU
		{EBE0D39F-799E-490A-BB83-EC3A021DE616}.Debug|ARM.Build.0 = Debug|Any CPU
		{EBE0D39F-799E-490A-BB83-EC3A021DE616}.Debug|iPhone.ActiveCfg = Debug|Any CPU
		{EBE0D39F-799E-490A-BB83-EC3A021DE616}.Debug|iPhone.Build.0 = Debug|Any CPU
		{EBE0D39F-799E-490A-BB83-EC3A021DE616}.Debug|iPhoneSimulator.ActiveCfg = Debug|Any CPU
		{EBE0D39F-799E-490A-BB83-EC3A021DE616}.Debug|iPhoneSimulator.Build.0 = Debug|Any CPU
		{EBE0D39F-799E-490A-BB83-EC3A021DE616}.Debug|x64.ActiveCfg = Debug|Any CPU
		{EBE0D39F-799E-490A-BB83-EC3A021DE616}.Debug|x64.Build.0 = Debug|Any CPU
		{EBE0D39F-799E-490A-BB83-EC3A021DE616}.Debug|x86.ActiveCfg = Debug|Any CPU
		{EBE0D39F-799E-490A-BB83-EC3A021DE616}.Debug|x86.Build.0 = Debug|Any CPU
		{EBE0D39F-799E-490A-BB83-EC3A021DE616}.Release|Any CPU.ActiveCfg = Release|Any CPU
		{EBE0D39F-799E-490A-BB83-EC3A021DE616}.Release|Any CPU.Build.0 = Release|Any CPU
		{EBE0D39F-799E-490A-BB83-EC3A021DE616}.Release|ARM.ActiveCfg = Release|Any CPU
		{EBE0D39F-799E-490A-BB83-EC3A021DE616}.Release|ARM.Build.0 = Release|Any CPU
		{EBE0D39F-799E-490A-BB83-EC3A021DE616}.Release|iPhone.ActiveCfg = Release|Any CPU
		{EBE0D39F-799E-490A-BB83-EC3A021DE616}.Release|iPhone.Build.0 = Release|Any CPU
		{EBE0D39F-799E-490A-BB83-EC3A021DE616}.Release|iPhoneSimulator.ActiveCfg = Release|Any CPU
		{EBE0D39F-799E-490A-BB83-EC3A021DE616}.Release|iPhoneSimulator.Build.0 = Release|Any CPU
		{EBE0D39F-799E-490A-BB83-EC3A021DE616}.Release|x64.ActiveCfg = Release|Any CPU
		{EBE0D39F-799E-490A-BB83-EC3A021DE616}.Release|x64.Build.0 = Release|Any CPU
		{EBE0D39F-799E-490A-BB83-EC3A021DE616}.Release|x86.ActiveCfg = Release|Any CPU
		{EBE0D39F-799E-490A-BB83-EC3A021DE616}.Release|x86.Build.0 = Release|Any CPU
		{29FBC4C6-BB34-4860-A151-1990E0323A7E}.Ad-Hoc|Any CPU.ActiveCfg = Release|Any CPU
		{29FBC4C6-BB34-4860-A151-1990E0323A7E}.Ad-Hoc|Any CPU.Build.0 = Release|Any CPU
		{29FBC4C6-BB34-4860-A151-1990E0323A7E}.Ad-Hoc|Any CPU.Deploy.0 = Release|Any CPU
		{29FBC4C6-BB34-4860-A151-1990E0323A7E}.Ad-Hoc|ARM.ActiveCfg = Release|Any CPU
		{29FBC4C6-BB34-4860-A151-1990E0323A7E}.Ad-Hoc|ARM.Build.0 = Release|Any CPU
		{29FBC4C6-BB34-4860-A151-1990E0323A7E}.Ad-Hoc|ARM.Deploy.0 = Release|Any CPU
		{29FBC4C6-BB34-4860-A151-1990E0323A7E}.Ad-Hoc|iPhone.ActiveCfg = Release|Any CPU
		{29FBC4C6-BB34-4860-A151-1990E0323A7E}.Ad-Hoc|iPhone.Build.0 = Release|Any CPU
		{29FBC4C6-BB34-4860-A151-1990E0323A7E}.Ad-Hoc|iPhone.Deploy.0 = Release|Any CPU
		{29FBC4C6-BB34-4860-A151-1990E0323A7E}.Ad-Hoc|iPhoneSimulator.ActiveCfg = Release|Any CPU
		{29FBC4C6-BB34-4860-A151-1990E0323A7E}.Ad-Hoc|iPhoneSimulator.Build.0 = Release|Any CPU
		{29FBC4C6-BB34-4860-A151-1990E0323A7E}.Ad-Hoc|iPhoneSimulator.Deploy.0 = Release|Any CPU
		{29FBC4C6-BB34-4860-A151-1990E0323A7E}.Ad-Hoc|x64.ActiveCfg = Release|Any CPU
		{29FBC4C6-BB34-4860-A151-1990E0323A7E}.Ad-Hoc|x64.Build.0 = Release|Any CPU
		{29FBC4C6-BB34-4860-A151-1990E0323A7E}.Ad-Hoc|x64.Deploy.0 = Release|Any CPU
		{29FBC4C6-BB34-4860-A151-1990E0323A7E}.Ad-Hoc|x86.ActiveCfg = Release|Any CPU
		{29FBC4C6-BB34-4860-A151-1990E0323A7E}.Ad-Hoc|x86.Build.0 = Release|Any CPU
		{29FBC4C6-BB34-4860-A151-1990E0323A7E}.Ad-Hoc|x86.Deploy.0 = Release|Any CPU
		{29FBC4C6-BB34-4860-A151-1990E0323A7E}.AppStore|Any CPU.ActiveCfg = Release|Any CPU
		{29FBC4C6-BB34-4860-A151-1990E0323A7E}.AppStore|Any CPU.Build.0 = Release|Any CPU
		{29FBC4C6-BB34-4860-A151-1990E0323A7E}.AppStore|Any CPU.Deploy.0 = Release|Any CPU
		{29FBC4C6-BB34-4860-A151-1990E0323A7E}.AppStore|ARM.ActiveCfg = Release|Any CPU
		{29FBC4C6-BB34-4860-A151-1990E0323A7E}.AppStore|ARM.Build.0 = Release|Any CPU
		{29FBC4C6-BB34-4860-A151-1990E0323A7E}.AppStore|ARM.Deploy.0 = Release|Any CPU
		{29FBC4C6-BB34-4860-A151-1990E0323A7E}.AppStore|iPhone.ActiveCfg = Release|Any CPU
		{29FBC4C6-BB34-4860-A151-1990E0323A7E}.AppStore|iPhone.Build.0 = Release|Any CPU
		{29FBC4C6-BB34-4860-A151-1990E0323A7E}.AppStore|iPhone.Deploy.0 = Release|Any CPU
		{29FBC4C6-BB34-4860-A151-1990E0323A7E}.AppStore|iPhoneSimulator.ActiveCfg = Release|Any CPU
		{29FBC4C6-BB34-4860-A151-1990E0323A7E}.AppStore|iPhoneSimulator.Build.0 = Release|Any CPU
		{29FBC4C6-BB34-4860-A151-1990E0323A7E}.AppStore|iPhoneSimulator.Deploy.0 = Release|Any CPU
		{29FBC4C6-BB34-4860-A151-1990E0323A7E}.AppStore|x64.ActiveCfg = Release|Any CPU
		{29FBC4C6-BB34-4860-A151-1990E0323A7E}.AppStore|x64.Build.0 = Release|Any CPU
		{29FBC4C6-BB34-4860-A151-1990E0323A7E}.AppStore|x64.Deploy.0 = Release|Any CPU
		{29FBC4C6-BB34-4860-A151-1990E0323A7E}.AppStore|x86.ActiveCfg = Release|Any CPU
		{29FBC4C6-BB34-4860-A151-1990E0323A7E}.AppStore|x86.Build.0 = Release|Any CPU
		{29FBC4C6-BB34-4860-A151-1990E0323A7E}.AppStore|x86.Deploy.0 = Release|Any CPU
		{29FBC4C6-BB34-4860-A151-1990E0323A7E}.Debug|Any CPU.ActiveCfg = Debug|Any CPU
		{29FBC4C6-BB34-4860-A151-1990E0323A7E}.Debug|Any CPU.Build.0 = Debug|Any CPU
		{29FBC4C6-BB34-4860-A151-1990E0323A7E}.Debug|Any CPU.Deploy.0 = Debug|Any CPU
		{29FBC4C6-BB34-4860-A151-1990E0323A7E}.Debug|ARM.ActiveCfg = Debug|Any CPU
		{29FBC4C6-BB34-4860-A151-1990E0323A7E}.Debug|ARM.Build.0 = Debug|Any CPU
		{29FBC4C6-BB34-4860-A151-1990E0323A7E}.Debug|ARM.Deploy.0 = Debug|Any CPU
		{29FBC4C6-BB34-4860-A151-1990E0323A7E}.Debug|iPhone.ActiveCfg = Debug|Any CPU
		{29FBC4C6-BB34-4860-A151-1990E0323A7E}.Debug|iPhone.Build.0 = Debug|Any CPU
		{29FBC4C6-BB34-4860-A151-1990E0323A7E}.Debug|iPhone.Deploy.0 = Debug|Any CPU
		{29FBC4C6-BB34-4860-A151-1990E0323A7E}.Debug|iPhoneSimulator.ActiveCfg = Debug|Any CPU
		{29FBC4C6-BB34-4860-A151-1990E0323A7E}.Debug|iPhoneSimulator.Build.0 = Debug|Any CPU
		{29FBC4C6-BB34-4860-A151-1990E0323A7E}.Debug|iPhoneSimulator.Deploy.0 = Debug|Any CPU
		{29FBC4C6-BB34-4860-A151-1990E0323A7E}.Debug|x64.ActiveCfg = Debug|Any CPU
		{29FBC4C6-BB34-4860-A151-1990E0323A7E}.Debug|x64.Build.0 = Debug|Any CPU
		{29FBC4C6-BB34-4860-A151-1990E0323A7E}.Debug|x64.Deploy.0 = Debug|Any CPU
		{29FBC4C6-BB34-4860-A151-1990E0323A7E}.Debug|x86.ActiveCfg = Debug|Any CPU
		{29FBC4C6-BB34-4860-A151-1990E0323A7E}.Debug|x86.Build.0 = Debug|Any CPU
		{29FBC4C6-BB34-4860-A151-1990E0323A7E}.Debug|x86.Deploy.0 = Debug|Any CPU
		{29FBC4C6-BB34-4860-A151-1990E0323A7E}.Release|Any CPU.ActiveCfg = Release|Any CPU
		{29FBC4C6-BB34-4860-A151-1990E0323A7E}.Release|Any CPU.Build.0 = Release|Any CPU
		{29FBC4C6-BB34-4860-A151-1990E0323A7E}.Release|Any CPU.Deploy.0 = Release|Any CPU
		{29FBC4C6-BB34-4860-A151-1990E0323A7E}.Release|ARM.ActiveCfg = Release|Any CPU
		{29FBC4C6-BB34-4860-A151-1990E0323A7E}.Release|ARM.Build.0 = Release|Any CPU
		{29FBC4C6-BB34-4860-A151-1990E0323A7E}.Release|ARM.Deploy.0 = Release|Any CPU
		{29FBC4C6-BB34-4860-A151-1990E0323A7E}.Release|iPhone.ActiveCfg = Release|Any CPU
		{29FBC4C6-BB34-4860-A151-1990E0323A7E}.Release|iPhone.Build.0 = Release|Any CPU
		{29FBC4C6-BB34-4860-A151-1990E0323A7E}.Release|iPhone.Deploy.0 = Release|Any CPU
		{29FBC4C6-BB34-4860-A151-1990E0323A7E}.Release|iPhoneSimulator.ActiveCfg = Release|Any CPU
		{29FBC4C6-BB34-4860-A151-1990E0323A7E}.Release|iPhoneSimulator.Build.0 = Release|Any CPU
		{29FBC4C6-BB34-4860-A151-1990E0323A7E}.Release|iPhoneSimulator.Deploy.0 = Release|Any CPU
		{29FBC4C6-BB34-4860-A151-1990E0323A7E}.Release|x64.ActiveCfg = Release|Any CPU
		{29FBC4C6-BB34-4860-A151-1990E0323A7E}.Release|x64.Build.0 = Release|Any CPU
		{29FBC4C6-BB34-4860-A151-1990E0323A7E}.Release|x64.Deploy.0 = Release|Any CPU
		{29FBC4C6-BB34-4860-A151-1990E0323A7E}.Release|x86.ActiveCfg = Release|Any CPU
		{29FBC4C6-BB34-4860-A151-1990E0323A7E}.Release|x86.Build.0 = Release|Any CPU
		{29FBC4C6-BB34-4860-A151-1990E0323A7E}.Release|x86.Deploy.0 = Release|Any CPU
		{730A773E-7290-42CD-A858-6EA3A309B2EF}.Ad-Hoc|Any CPU.ActiveCfg = Ad-Hoc|iPhone
		{730A773E-7290-42CD-A858-6EA3A309B2EF}.Ad-Hoc|ARM.ActiveCfg = Ad-Hoc|iPhone
		{730A773E-7290-42CD-A858-6EA3A309B2EF}.Ad-Hoc|iPhone.ActiveCfg = Ad-Hoc|iPhone
		{730A773E-7290-42CD-A858-6EA3A309B2EF}.Ad-Hoc|iPhone.Build.0 = Ad-Hoc|iPhone
		{730A773E-7290-42CD-A858-6EA3A309B2EF}.Ad-Hoc|iPhoneSimulator.ActiveCfg = Ad-Hoc|iPhoneSimulator
		{730A773E-7290-42CD-A858-6EA3A309B2EF}.Ad-Hoc|iPhoneSimulator.Build.0 = Ad-Hoc|iPhoneSimulator
		{730A773E-7290-42CD-A858-6EA3A309B2EF}.Ad-Hoc|x64.ActiveCfg = Ad-Hoc|iPhone
		{730A773E-7290-42CD-A858-6EA3A309B2EF}.Ad-Hoc|x86.ActiveCfg = Ad-Hoc|iPhone
		{730A773E-7290-42CD-A858-6EA3A309B2EF}.AppStore|Any CPU.ActiveCfg = AppStore|iPhone
		{730A773E-7290-42CD-A858-6EA3A309B2EF}.AppStore|ARM.ActiveCfg = AppStore|iPhone
		{730A773E-7290-42CD-A858-6EA3A309B2EF}.AppStore|iPhone.ActiveCfg = AppStore|iPhone
		{730A773E-7290-42CD-A858-6EA3A309B2EF}.AppStore|iPhone.Build.0 = AppStore|iPhone
		{730A773E-7290-42CD-A858-6EA3A309B2EF}.AppStore|iPhoneSimulator.ActiveCfg = AppStore|iPhoneSimulator
		{730A773E-7290-42CD-A858-6EA3A309B2EF}.AppStore|iPhoneSimulator.Build.0 = AppStore|iPhoneSimulator
		{730A773E-7290-42CD-A858-6EA3A309B2EF}.AppStore|x64.ActiveCfg = AppStore|iPhone
		{730A773E-7290-42CD-A858-6EA3A309B2EF}.AppStore|x86.ActiveCfg = AppStore|iPhone
		{730A773E-7290-42CD-A858-6EA3A309B2EF}.Debug|Any CPU.ActiveCfg = Debug|iPhone
		{730A773E-7290-42CD-A858-6EA3A309B2EF}.Debug|ARM.ActiveCfg = Debug|iPhone
		{730A773E-7290-42CD-A858-6EA3A309B2EF}.Debug|iPhone.ActiveCfg = Debug|iPhone
		{730A773E-7290-42CD-A858-6EA3A309B2EF}.Debug|iPhone.Build.0 = Debug|iPhone
		{730A773E-7290-42CD-A858-6EA3A309B2EF}.Debug|iPhoneSimulator.ActiveCfg = Debug|iPhoneSimulator
		{730A773E-7290-42CD-A858-6EA3A309B2EF}.Debug|iPhoneSimulator.Build.0 = Debug|iPhoneSimulator
		{730A773E-7290-42CD-A858-6EA3A309B2EF}.Debug|x64.ActiveCfg = Debug|iPhone
		{730A773E-7290-42CD-A858-6EA3A309B2EF}.Debug|x86.ActiveCfg = Debug|iPhone
		{730A773E-7290-42CD-A858-6EA3A309B2EF}.Release|Any CPU.ActiveCfg = Release|iPhone
		{730A773E-7290-42CD-A858-6EA3A309B2EF}.Release|ARM.ActiveCfg = Release|iPhone
		{730A773E-7290-42CD-A858-6EA3A309B2EF}.Release|iPhone.ActiveCfg = Release|iPhone
		{730A773E-7290-42CD-A858-6EA3A309B2EF}.Release|iPhone.Build.0 = Release|iPhone
		{730A773E-7290-42CD-A858-6EA3A309B2EF}.Release|iPhoneSimulator.ActiveCfg = Release|iPhoneSimulator
		{730A773E-7290-42CD-A858-6EA3A309B2EF}.Release|iPhoneSimulator.Build.0 = Release|iPhoneSimulator
		{730A773E-7290-42CD-A858-6EA3A309B2EF}.Release|x64.ActiveCfg = Release|iPhone
		{730A773E-7290-42CD-A858-6EA3A309B2EF}.Release|x86.ActiveCfg = Release|iPhone
		{F37B2CE1-9205-45EC-B4A5-5B6FE0888467}.Ad-Hoc|Any CPU.ActiveCfg = Release|x64
		{F37B2CE1-9205-45EC-B4A5-5B6FE0888467}.Ad-Hoc|Any CPU.Build.0 = Release|x64
		{F37B2CE1-9205-45EC-B4A5-5B6FE0888467}.Ad-Hoc|Any CPU.Deploy.0 = Release|x64
		{F37B2CE1-9205-45EC-B4A5-5B6FE0888467}.Ad-Hoc|ARM.ActiveCfg = Release|ARM
		{F37B2CE1-9205-45EC-B4A5-5B6FE0888467}.Ad-Hoc|ARM.Build.0 = Release|ARM
		{F37B2CE1-9205-45EC-B4A5-5B6FE0888467}.Ad-Hoc|ARM.Deploy.0 = Release|ARM
		{F37B2CE1-9205-45EC-B4A5-5B6FE0888467}.Ad-Hoc|iPhone.ActiveCfg = Release|x64
		{F37B2CE1-9205-45EC-B4A5-5B6FE0888467}.Ad-Hoc|iPhone.Build.0 = Release|x64
		{F37B2CE1-9205-45EC-B4A5-5B6FE0888467}.Ad-Hoc|iPhone.Deploy.0 = Release|x64
		{F37B2CE1-9205-45EC-B4A5-5B6FE0888467}.Ad-Hoc|iPhoneSimulator.ActiveCfg = Release|x64
		{F37B2CE1-9205-45EC-B4A5-5B6FE0888467}.Ad-Hoc|iPhoneSimulator.Build.0 = Release|x64
		{F37B2CE1-9205-45EC-B4A5-5B6FE0888467}.Ad-Hoc|iPhoneSimulator.Deploy.0 = Release|x64
		{F37B2CE1-9205-45EC-B4A5-5B6FE0888467}.Ad-Hoc|x64.ActiveCfg = Release|x64
		{F37B2CE1-9205-45EC-B4A5-5B6FE0888467}.Ad-Hoc|x64.Build.0 = Release|x64
		{F37B2CE1-9205-45EC-B4A5-5B6FE0888467}.Ad-Hoc|x64.Deploy.0 = Release|x64
		{F37B2CE1-9205-45EC-B4A5-5B6FE0888467}.Ad-Hoc|x86.ActiveCfg = Release|x86
		{F37B2CE1-9205-45EC-B4A5-5B6FE0888467}.Ad-Hoc|x86.Build.0 = Release|x86
		{F37B2CE1-9205-45EC-B4A5-5B6FE0888467}.Ad-Hoc|x86.Deploy.0 = Release|x86
		{F37B2CE1-9205-45EC-B4A5-5B6FE0888467}.AppStore|Any CPU.ActiveCfg = Release|x64
		{F37B2CE1-9205-45EC-B4A5-5B6FE0888467}.AppStore|Any CPU.Build.0 = Release|x64
		{F37B2CE1-9205-45EC-B4A5-5B6FE0888467}.AppStore|Any CPU.Deploy.0 = Release|x64
		{F37B2CE1-9205-45EC-B4A5-5B6FE0888467}.AppStore|ARM.ActiveCfg = Release|ARM
		{F37B2CE1-9205-45EC-B4A5-5B6FE0888467}.AppStore|ARM.Build.0 = Release|ARM
		{F37B2CE1-9205-45EC-B4A5-5B6FE0888467}.AppStore|ARM.Deploy.0 = Release|ARM
		{F37B2CE1-9205-45EC-B4A5-5B6FE0888467}.AppStore|iPhone.ActiveCfg = Release|x64
		{F37B2CE1-9205-45EC-B4A5-5B6FE0888467}.AppStore|iPhone.Build.0 = Release|x64
		{F37B2CE1-9205-45EC-B4A5-5B6FE0888467}.AppStore|iPhone.Deploy.0 = Release|x64
		{F37B2CE1-9205-45EC-B4A5-5B6FE0888467}.AppStore|iPhoneSimulator.ActiveCfg = Release|x64
		{F37B2CE1-9205-45EC-B4A5-5B6FE0888467}.AppStore|iPhoneSimulator.Build.0 = Release|x64
		{F37B2CE1-9205-45EC-B4A5-5B6FE0888467}.AppStore|iPhoneSimulator.Deploy.0 = Release|x64
		{F37B2CE1-9205-45EC-B4A5-5B6FE0888467}.AppStore|x64.ActiveCfg = Release|x64
		{F37B2CE1-9205-45EC-B4A5-5B6FE0888467}.AppStore|x64.Build.0 = Release|x64
		{F37B2CE1-9205-45EC-B4A5-5B6FE0888467}.AppStore|x64.Deploy.0 = Release|x64
		{F37B2CE1-9205-45EC-B4A5-5B6FE0888467}.AppStore|x86.ActiveCfg = Release|x86
		{F37B2CE1-9205-45EC-B4A5-5B6FE0888467}.AppStore|x86.Build.0 = Release|x86
		{F37B2CE1-9205-45EC-B4A5-5B6FE0888467}.AppStore|x86.Deploy.0 = Release|x86
		{F37B2CE1-9205-45EC-B4A5-5B6FE0888467}.Debug|Any CPU.ActiveCfg = Debug|x86
		{F37B2CE1-9205-45EC-B4A5-5B6FE0888467}.Debug|ARM.ActiveCfg = Debug|ARM
		{F37B2CE1-9205-45EC-B4A5-5B6FE0888467}.Debug|ARM.Build.0 = Debug|ARM
		{F37B2CE1-9205-45EC-B4A5-5B6FE0888467}.Debug|ARM.Deploy.0 = Debug|ARM
		{F37B2CE1-9205-45EC-B4A5-5B6FE0888467}.Debug|iPhone.ActiveCfg = Debug|x86
		{F37B2CE1-9205-45EC-B4A5-5B6FE0888467}.Debug|iPhoneSimulator.ActiveCfg = Debug|x86
		{F37B2CE1-9205-45EC-B4A5-5B6FE0888467}.Debug|x64.ActiveCfg = Debug|x64
		{F37B2CE1-9205-45EC-B4A5-5B6FE0888467}.Debug|x64.Build.0 = Debug|x64
		{F37B2CE1-9205-45EC-B4A5-5B6FE0888467}.Debug|x64.Deploy.0 = Debug|x64
		{F37B2CE1-9205-45EC-B4A5-5B6FE0888467}.Debug|x86.ActiveCfg = Debug|x86
		{F37B2CE1-9205-45EC-B4A5-5B6FE0888467}.Debug|x86.Build.0 = Debug|x86
		{F37B2CE1-9205-45EC-B4A5-5B6FE0888467}.Debug|x86.Deploy.0 = Debug|x86
		{F37B2CE1-9205-45EC-B4A5-5B6FE0888467}.Release|Any CPU.ActiveCfg = Release|x86
		{F37B2CE1-9205-45EC-B4A5-5B6FE0888467}.Release|ARM.ActiveCfg = Release|ARM
		{F37B2CE1-9205-45EC-B4A5-5B6FE0888467}.Release|ARM.Build.0 = Release|ARM
		{F37B2CE1-9205-45EC-B4A5-5B6FE0888467}.Release|ARM.Deploy.0 = Release|ARM
		{F37B2CE1-9205-45EC-B4A5-5B6FE0888467}.Release|iPhone.ActiveCfg = Release|x86
		{F37B2CE1-9205-45EC-B4A5-5B6FE0888467}.Release|iPhoneSimulator.ActiveCfg = Release|x86
		{F37B2CE1-9205-45EC-B4A5-5B6FE0888467}.Release|x64.ActiveCfg = Release|x64
		{F37B2CE1-9205-45EC-B4A5-5B6FE0888467}.Release|x64.Build.0 = Release|x64
		{F37B2CE1-9205-45EC-B4A5-5B6FE0888467}.Release|x64.Deploy.0 = Release|x64
		{F37B2CE1-9205-45EC-B4A5-5B6FE0888467}.Release|x86.ActiveCfg = Release|x86
		{F37B2CE1-9205-45EC-B4A5-5B6FE0888467}.Release|x86.Build.0 = Release|x86
		{F37B2CE1-9205-45EC-B4A5-5B6FE0888467}.Release|x86.Deploy.0 = Release|x86
	EndGlobalSection
	GlobalSection(SolutionProperties) = preSolution
		HideSolutionNode = FALSE
	EndGlobalSection
	GlobalSection(ExtensibilityGlobals) = postSolution
		SolutionGuid = {077D522E-202D-4819-ABEA-AFBAF6B55A28}
	EndGlobalSection
EndGlobal
